
Microsoft Visual Studio Solution File, Format Version 12.00
# Visual Studio Version 17
VisualStudioVersion = 17.0.31903.59
MinimumVisualStudioVersion = 10.0.40219.1
Project("{2150E333-8FDC-42A3-9474-1A3956D46DE8}") = "Case1.Blazor", "Case1.Blazor", "{2CA90C95-D5F5-7356-CF25-67EE758D45BA}"
EndProject
Project("{FAE04EC0-301F-11D3-BF4B-00C04F79EFBC}") = "Blazor.Components", "Case1.Blazor\Blazor.Components\Blazor.Components.csproj", "{E9672DDA-8D82-4A5D-B46F-1B70AD45F925}"
EndProject
Project("{FAE04EC0-301F-11D3-BF4B-00C04F79EFBC}") = "Blazor.Components.Tests", "Case1.Blazor\Blazor.Components.Tests\Blazor.Components.Tests.csproj", "{C2E23AF3-B7B7-4FEC-8DE1-0F8EE3D82D11}"
EndProject
Project("{2150E333-8FDC-42A3-9474-1A3956D46DE8}") = "Case2.WpfApp", "Case2.WpfApp", "{D96B9B24-BE0A-CA6B-B6BF-81A722C53F47}"
EndProject
Project("{FAE04EC0-301F-11D3-BF4B-00C04F79EFBC}") = "Wpf.App", "Case2.WpfApp\Wpf.App\Wpf.App.csproj", "{7C1B5A7C-6AC5-4469-A815-22944872C6F6}"
EndProject
Project("{FAE04EC0-301F-11D3-BF4B-00C04F79EFBC}") = "Wpf.App.Tests", "Case2.WpfApp\Wpf.App.Tests\Wpf.App.Tests.csproj", "{E6B55B7C-6B99-4851-BA17-A51347EC9223}"
EndProject
Project("{2150E333-8FDC-42A3-9474-1A3956D46DE8}") = "Case3.WpfLibrary", "Case3.WpfLibrary", "{40A35CC7-0EDD-29F3-DC28-6B7A03344962}"
EndProject
Project("{FAE04EC0-301F-11D3-BF4B-00C04F79EFBC}") = "Wpf.Library", "Case3.WpfLibrary\Wpf.Library\Wpf.Library.csproj", "{478EAD1F-FE69-478F-9541-DF83C80E75F4}"
EndProject
Project("{FAE04EC0-301F-11D3-BF4B-00C04F79EFBC}") = "Wpf.Library.Tests", "Case3.WpfLibrary\Wpf.Library.Tests\Wpf.Library.Tests.csproj", "{3401397E-A9BE-4B03-BA86-2C577AE3CED6}"
EndProject
Global
	GlobalSection(SolutionConfigurationPlatforms) = preSolution
		Debug|Any CPU = Debug|Any CPU
		Debug|x64 = Debug|x64
		Debug|x86 = Debug|x86
		Release|Any CPU = Release|Any CPU
		Release|x64 = Release|x64
		Release|x86 = Release|x86
	EndGlobalSection
	GlobalSection(ProjectConfigurationPlatforms) = postSolution
		{E9672DDA-8D82-4A5D-B46F-1B70AD45F925}.Debug|Any CPU.ActiveCfg = Debug|Any CPU
		{E9672DDA-8D82-4A5D-B46F-1B70AD45F925}.Debug|Any CPU.Build.0 = Debug|Any CPU
		{E9672DDA-8D82-4A5D-B46F-1B70AD45F925}.Debug|x64.ActiveCfg = Debug|Any CPU
		{E9672DDA-8D82-4A5D-B46F-1B70AD45F925}.Debug|x64.Build.0 = Debug|Any CPU
		{E9672DDA-8D82-4A5D-B46F-1B70AD45F925}.Debug|x86.ActiveCfg = Debug|Any CPU
		{E9672DDA-8D82-4A5D-B46F-1B70AD45F925}.Debug|x86.Build.0 = Debug|Any CPU
		{E9672DDA-8D82-4A5D-B46F-1B70AD45F925}.Release|Any CPU.ActiveCfg = Release|Any CPU
		{E9672DDA-8D82-4A5D-B46F-1B70AD45F925}.Release|Any CPU.Build.0 = Release|Any CPU
		{E9672DDA-8D82-4A5D-B46F-1B70AD45F925}.Release|x64.ActiveCfg = Release|Any CPU
		{E9672DDA-8D82-4A5D-B46F-1B70AD45F925}.Release|x64.Build.0 = Release|Any CPU
		{E9672DDA-8D82-4A5D-B46F-1B70AD45F925}.Release|x86.ActiveCfg = Release|Any CPU
		{E9672DDA-8D82-4A5D-B46F-1B70AD45F925}.Release|x86.Build.0 = Release|Any CPU
		{C2E23AF3-B7B7-4FEC-8DE1-0F8EE3D82D11}.Debug|Any CPU.ActiveCfg = Debug|Any CPU
		{C2E23AF3-B7B7-4FEC-8DE1-0F8EE3D82D11}.Debug|Any CPU.Build.0 = Debug|Any CPU
		{C2E23AF3-B7B7-4FEC-8DE1-0F8EE3D82D11}.Debug|x64.ActiveCfg = Debug|Any CPU
		{C2E23AF3-B7B7-4FEC-8DE1-0F8EE3D82D11}.Debug|x64.Build.0 = Debug|Any CPU
		{C2E23AF3-B7B7-4FEC-8DE1-0F8EE3D82D11}.Debug|x86.ActiveCfg = Debug|Any CPU
		{C2E23AF3-B7B7-4FEC-8DE1-0F8EE3D82D11}.Debug|x86.Build.0 = Debug|Any CPU
		{C2E23AF3-B7B7-4FEC-8DE1-0F8EE3D82D11}.Release|Any CPU.ActiveCfg = Release|Any CPU
		{C2E23AF3-B7B7-4FEC-8DE1-0F8EE3D82D11}.Release|Any CPU.Build.0 = Release|Any CPU
		{C2E23AF3-B7B7-4FEC-8DE1-0F8EE3D82D11}.Release|x64.ActiveCfg = Release|Any CPU
		{C2E23AF3-B7B7-4FEC-8DE1-0F8EE3D82D11}.Release|x64.Build.0 = Release|Any CPU
		{C2E23AF3-B7B7-4FEC-8DE1-0F8EE3D82D11}.Release|x86.ActiveCfg = Release|Any CPU
		{C2E23AF3-B7B7-4FEC-8DE1-0F8EE3D82D11}.Release|x86.Build.0 = Release|Any CPU
		{7C1B5A7C-6AC5-4469-A815-22944872C6F6}.Debug|Any CPU.ActiveCfg = Debug|Any CPU
		{7C1B5A7C-6AC5-4469-A815-22944872C6F6}.Debug|Any CPU.Build.0 = Debug|Any CPU
		{7C1B5A7C-6AC5-4469-A815-22944872C6F6}.Debug|x64.ActiveCfg = Debug|Any CPU
		{7C1B5A7C-6AC5-4469-A815-22944872C6F6}.Debug|x64.Build.0 = Debug|Any CPU
		{7C1B5A7C-6AC5-4469-A815-22944872C6F6}.Debug|x86.ActiveCfg = Debug|Any CPU
		{7C1B5A7C-6AC5-4469-A815-22944872C6F6}.Debug|x86.Build.0 = Debug|Any CPU
		{7C1B5A7C-6AC5-4469-A815-22944872C6F6}.Release|Any CPU.ActiveCfg = Release|Any CPU
		{7C1B5A7C-6AC5-4469-A815-22944872C6F6}.Release|Any CPU.Build.0 = Release|Any CPU
		{7C1B5A7C-6AC5-4469-A815-22944872C6F6}.Release|x64.ActiveCfg = Release|Any CPU
		{7C1B5A7C-6AC5-4469-A815-22944872C6F6}.Release|x64.Build.0 = Release|Any CPU
		{7C1B5A7C-6AC5-4469-A815-22944872C6F6}.Release|x86.ActiveCfg = Release|Any CPU
		{7C1B5A7C-6AC5-4469-A815-22944872C6F6}.Release|x86.Build.0 = Release|Any CPU
		{E6B55B7C-6B99-4851-BA17-A51347EC9223}.Debug|Any CPU.ActiveCfg = Debug|Any CPU
		{E6B55B7C-6B99-4851-BA17-A51347EC9223}.Debug|Any CPU.Build.0 = Debug|Any CPU
		{E6B55B7C-6B99-4851-BA17-A51347EC9223}.Debug|x64.ActiveCfg = Debug|Any CPU
		{E6B55B7C-6B99-4851-BA17-A51347EC9223}.Debug|x64.Build.0 = Debug|Any CPU
		{E6B55B7C-6B99-4851-BA17-A51347EC9223}.Debug|x86.ActiveCfg = Debug|Any CPU
		{E6B55B7C-6B99-4851-BA17-A51347EC9223}.Debug|x86.Build.0 = Debug|Any CPU
		{E6B55B7C-6B99-4851-BA17-A51347EC9223}.Release|Any CPU.ActiveCfg = Release|Any CPU
		{E6B55B7C-6B99-4851-BA17-A51347EC9223}.Release|Any CPU.Build.0 = Release|Any CPU
		{E6B55B7C-6B99-4851-BA17-A51347EC9223}.Release|x64.ActiveCfg = Release|Any CPU
		{E6B55B7C-6B99-4851-BA17-A51347EC9223}.Release|x64.Build.0 = Release|Any CPU
		{E6B55B7C-6B99-4851-BA17-A51347EC9223}.Release|x86.ActiveCfg = Release|Any CPU
		{E6B55B7C-6B99-4851-BA17-A51347EC9223}.Release|x86.Build.0 = Release|Any CPU
		{478EAD1F-FE69-478F-9541-DF83C80E75F4}.Debug|Any CPU.ActiveCfg = Debug|Any CPU
		{478EAD1F-FE69-478F-9541-DF83C80E75F4}.Debug|Any CPU.Build.0 = Debug|Any CPU
		{478EAD1F-FE69-478F-9541-DF83C80E75F4}.Debug|x64.ActiveCfg = Debug|Any CPU
		{478EAD1F-FE69-478F-9541-DF83C80E75F4}.Debug|x64.Build.0 = Debug|Any CPU
		{478EAD1F-FE69-478F-9541-DF83C80E75F4}.Debug|x86.ActiveCfg = Debug|Any CPU
		{478EAD1F-FE69-478F-9541-DF83C80E75F4}.Debug|x86.Build.0 = Debug|Any CPU
		{478EAD1F-FE69-478F-9541-DF83C80E75F4}.Release|Any CPU.ActiveCfg = Release|Any CPU
		{478EAD1F-FE69-478F-9541-DF83C80E75F4}.Release|Any CPU.Build.0 = Release|Any CPU
		{478EAD1F-FE69-478F-9541-DF83C80E75F4}.Release|x64.ActiveCfg = Release|Any CPU
		{478EAD1F-FE69-478F-9541-DF83C80E75F4}.Release|x64.Build.0 = Release|Any CPU
		{478EAD1F-FE69-478F-9541-DF83C80E75F4}.Release|x86.ActiveCfg = Release|Any CPU
		{478EAD1F-FE69-478F-9541-DF83C80E75F4}.Release|x86.Build.0 = Release|Any CPU
		{3401397E-A9BE-4B03-BA86-2C577AE3CED6}.Debug|Any CPU.ActiveCfg = Debug|Any CPU
		{3401397E-A9BE-4B03-BA86-2C577AE3CED6}.Debug|Any CPU.Build.0 = Debug|Any CPU
		{3401397E-A9BE-4B03-BA86-2C577AE3CED6}.Debug|x64.ActiveCfg = Debug|Any CPU
		{3401397E-A9BE-4B03-BA86-2C577AE3CED6}.Debug|x64.Build.0 = Debug|Any CPU
		{3401397E-A9BE-4B03-BA86-2C577AE3CED6}.Debug|x86.ActiveCfg = Debug|Any CPU
		{3401397E-A9BE-4B03-BA86-2C577AE3CED6}.Debug|x86.Build.0 = Debug|Any CPU
		{3401397E-A9BE-4B03-BA86-2C577AE3CED6}.Release|Any CPU.ActiveCfg = Release|Any CPU
		{3401397E-A9BE-4B03-BA86-2C577AE3CED6}.Release|Any CPU.Build.0 = Release|Any CPU
		{3401397E-A9BE-4B03-BA86-2C577AE3CED6}.Release|x64.ActiveCfg = Release|Any CPU
		{3401397E-A9BE-4B03-BA86-2C577AE3CED6}.Release|x64.Build.0 = Release|Any CPU
		{3401397E-A9BE-4B03-BA86-2C577AE3CED6}.Release|x86.ActiveCfg = Release|Any CPU
		{3401397E-A9BE-4B03-BA86-2C577AE3CED6}.Release|x86.Build.0 = Release|Any CPU
	EndGlobalSection
	GlobalSection(SolutionProperties) = preSolution
		HideSolutionNode = FALSE
	EndGlobalSection
	GlobalSection(NestedProjects) = preSolution
		{E9672DDA-8D82-4A5D-B46F-1B70AD45F925} = {2CA90C95-D5F5-7356-CF25-67EE758D45BA}
		{C2E23AF3-B7B7-4FEC-8DE1-0F8EE3D82D11} = {2CA90C95-D5F5-7356-CF25-67EE758D45BA}
		{7C1B5A7C-6AC5-4469-A815-22944872C6F6} = {D96B9B24-BE0A-CA6B-B6BF-81A722C53F47}
		{E6B55B7C-6B99-4851-BA17-A51347EC9223} = {D96B9B24-BE0A-CA6B-B6BF-81A722C53F47}
		{478EAD1F-FE69-478F-9541-DF83C80E75F4} = {40A35CC7-0EDD-29F3-DC28-6B7A03344962}
		{3401397E-A9BE-4B03-BA86-2C577AE3CED6} = {40A35CC7-0EDD-29F3-DC28-6B7A03344962}
	EndGlobalSection
EndGlobal
